{
  "name": "moto-kr",
  "version": "0.1.0",
  "lockfileVersion": 3,
  "requires": true,
  "packages": {
    "": {
      "name": "moto-kr",
      "version": "0.1.0",
      "license": "MIT",
      "dependencies": {
        "@starhn87/jev-decisions": "file:vendor/jev-decisions",
        "@typesafe-ai/sdk": "0.6.0"
      }
    },
    "node_modules/@starhn87/jev-decisions": {
      "resolved": "vendor/jev-decisions",
      "link": true
    },
    "node_modules/@typesafe-ai/sdk": {
      "version": "0.6.0",
      "resolved": "https://registry.npmjs.org/@typesafe-ai/sdk/-/sdk-0.6.0.tgz",
      "integrity": "sha512-IddX+Q0XM+VagOUZFeP7wZjaO4SHMdvnh2zEBdrZZnXedWI3BNK1lKhMx3ayrkFWvVLbVcUHJy6AVZlY+e6Jaw==",
      "license": "MIT",
      "engines": {
        "node": ">=20"
      }
    },
    "vendor/jev-decisions": {
      "name": "@starhn87/jev-decisions",
      "version": "0.2.0",
      "license": "MIT",
      "peerDependencies": {
        "@typesafe-ai/sdk": "0.6.0"
      }
    }
  }
}
