{
  "name": "moto-kr",
  "version": "0.1.0",
  "lockfileVersion": 3,
  "requires": true,
  "packages": {
    "": {
      "name": "moto-kr",
      "version": "0.1.0",
      "license": "MIT",
      "dependencies": {
        "@starhn87/jev-decisions": "file:vendor/jev-decisions"
      }
    },
    "node_modules/@starhn87/jev-decisions": {
      "resolved": "vendor/jev-decisions",
      "link": true
    },
    "vendor/jev-decisions": {
      "name": "@starhn87/jev-decisions",
      "version": "0.1.0",
      "license": "MIT"
    }
  }
}
